
Microsoft Visual Studio Solution File, Format Version 12.00
# Visual Studio 15
Project("{8BC9CEB8-8B4A-11D0-8D11-00A0C91BC942}") = "Sandbox", "Sandbox\Sandbox.vcxproj", "{F4C124E3-60A1-A37E-69B9-2E55D5170AE0}"
EndProject
Project("{8BC9CEB8-8B4A-11D0-8D11-00A0C91BC942}") = "AriEngine", "AriEngine\AriEngine.vcxproj", "{57B69DF6-C320-526D-0C5F-0313780830C2}"
EndProject
Global
	GlobalSection(SolutionConfigurationPlatforms) = preSolution
		Debug|Windows = Debug|Windows
		Dist|Windows = Dist|Windows
		Release|Windows = Release|Windows
	EndGlobalSection
	GlobalSection(ProjectConfigurationPlatforms) = postSolution
		{F4C124E3-60A1-A37E-69B9-2E55D5170AE0}.Debug|Windows.ActiveCfg = Debug Windows|x64
		{F4C124E3-60A1-A37E-69B9-2E55D5170AE0}.Debug|Windows.Build.0 = Debug Windows|x64
		{F4C124E3-60A1-A37E-69B9-2E55D5170AE0}.Dist|Windows.ActiveCfg = Dist Windows|x64
		{F4C124E3-60A1-A37E-69B9-2E55D5170AE0}.Dist|Windows.Build.0 = Dist Windows|x64
		{F4C124E3-60A1-A37E-69B9-2E55D5170AE0}.Release|Windows.ActiveCfg = Release Windows|x64
		{F4C124E3-60A1-A37E-69B9-2E55D5170AE0}.Release|Windows.Build.0 = Release Windows|x64
		{57B69DF6-C320-526D-0C5F-0313780830C2}.Debug|Windows.ActiveCfg = Debug Windows|x64
		{57B69DF6-C320-526D-0C5F-0313780830C2}.Debug|Windows.Build.0 = Debug Windows|x64
		{57B69DF6-C320-526D-0C5F-0313780830C2}.Dist|Windows.ActiveCfg = Dist Windows|x64
		{57B69DF6-C320-526D-0C5F-0313780830C2}.Dist|Windows.Build.0 = Dist Windows|x64
		{57B69DF6-C320-526D-0C5F-0313780830C2}.Release|Windows.ActiveCfg = Release Windows|x64
		{57B69DF6-C320-526D-0C5F-0313780830C2}.Release|Windows.Build.0 = Release Windows|x64
	EndGlobalSection
	GlobalSection(SolutionProperties) = preSolution
		HideSolutionNode = FALSE
	EndGlobalSection
EndGlobal
